{
  "name": "ask4me-monorepo",
  "lockfileVersion": 3,
  "requires": true,
  "packages": {
    "": {
      "name": "ask4me-monorepo",
      "workspaces": [
        "sdk-js",
        "packages/*"
      ],
      "engines": {
        "node": ">=18"
      }
    },
    "node_modules/ask4me-cli": {
      "resolved": "packages/cli",
      "link": true
    },
    "node_modules/ask4me-sdk": {
      "resolved": "sdk-js",
      "link": true
    },
    "node_modules/ask4me-server": {
      "resolved": "packages/server",
      "link": true
    },
    "packages/cli": {
      "name": "ask4me-cli",
      "version": "0.1.4",
      "dependencies": {
        "ask4me-sdk": "0.1.4"
      },
      "bin": {
        "ask4me-cli": "bin/ask4me-cli.js"
      },
      "engines": {
        "node": ">=18"
      }
    },
    "packages/server": {
      "name": "ask4me-server",
      "version": "0.1.4",
      "hasInstallScript": true,
      "bin": {
        "ask4me-server": "bin/ask4me-server.js"
      },
      "engines": {
        "node": ">=18"
      }
    },
    "sdk-js": {
      "name": "ask4me-sdk",
      "version": "0.1.4",
      "engines": {
        "node": ">=18"
      }
    }
  }
}
